// !$*UTF8*$!
{
	archiveVersion = 1;
	classes = {
	};
	objectVersion = 46;
	objects = {

/* Begin PBXBuildFile section */
		A54A541C1D60B517000E484C /* AppDelegate.swift in Sources */ = {isa = PBXBuildFile; fileRef = A54A541B1D60B517000E484C /* AppDelegate.swift */; };
		A54A54211D60B517000E484C /* Main.storyboard in Resources */ = {isa = PBXBuildFile; fileRef = A54A541F1D60B517000E484C /* Main.storyboard */; };
		A54A54231D60B517000E484C /* Assets.xcassets in Resources */ = {isa = PBXBuildFile; fileRef = A54A54221D60B517000E484C /* Assets.xcassets */; };
		A54A54261D60B517000E484C /* LaunchScreen.storyboard in Resources */ = {isa = PBXBuildFile; fileRef = A54A54241D60B517000E484C /* LaunchScreen.storyboard */; };
		A54A54301D60BC7C000E484C /* HomeViewController.swift in Sources */ = {isa = PBXBuildFile; fileRef = A54A542F1D60BC7C000E484C /* HomeViewController.swift */; };
		A54A54321D60BC8E000E484C /* UIButton+Extension.swift in Sources */ = {isa = PBXBuildFile; fileRef = A54A54311D60BC8E000E484C /* UIButton+Extension.swift */; };
		A54A54341D60C9D4000E484C /* CatchViewController.swift in Sources */ = {isa = PBXBuildFile; fileRef = A54A54331D60C9D4000E484C /* CatchViewController.swift */; };
/* End PBXBuildFile section */

/* Begin PBXFileReference section */
		A54A54181D60B517000E484C /* PokeLab.app */ = {isa = PBXFileReference; explicitFileType = wrapper.application; includeInIndex = 0; path = PokeLab.app; sourceTree = BUILT_PRODUCTS_DIR; };
		A54A541B1D60B517000E484C /* AppDelegate.swift */ = {isa = PBXFileReference; lastKnownFileType = sourcecode.swift; path = AppDelegate.swift; sourceTree = "<group>"; };
		A54A54201D60B517000E484C /* Base */ = {isa = PBXFileReference; lastKnownFileType = file.storyboard; name = Base; path = Base.lproj/Main.storyboard; sourceTree = "<group>"; };
		A54A54221D60B517000E484C /* Assets.xcassets */ = {isa = PBXFileReference; lastKnownFileType = folder.assetcatalog; path = Assets.xcassets; sourceTree = "<group>"; };
		A54A54251D60B517000E484C /* Base */ = {isa = PBXFileReference; lastKnownFileType = file.storyboard; name = Base; path = Base.lproj/LaunchScreen.storyboard; sourceTree = "<group>"; };
		A54A54271D60B517000E484C /* Info.plist */ = {isa = PBXFileReference; lastKnownFileType = text.plist.xml; path = Info.plist; sourceTree = "<group>"; };
		A54A542F1D60BC7C000E484C /* HomeViewController.swift */ = {isa = PBXFileReference; fileEncoding = 4; lastKnownFileType = sourcecode.swift; path = HomeViewController.swift; sourceTree = "<group>"; };
		A54A54311D60BC8E000E484C /* UIButton+Extension.swift */ = {isa = PBXFileReference; fileEncoding = 4; lastKnownFileType = sourcecode.swift; path = "UIButton+Extension.swift"; sourceTree = "<group>"; };
		A54A54331D60C9D4000E484C /* CatchViewController.swift */ = {isa = PBXFileReference; fileEncoding = 4; lastKnownFileType = sourcecode.swift; path = CatchViewController.swift; sourceTree = "<group>"; };
/* End PBXFileReference section */

/* Begin PBXFrameworksBuildPhase section */
		A54A54151D60B517000E484C /* Frameworks */ = {
			isa = PBXFrameworksBuildPhase;
			buildActionMask = 2147483647;
			files = (
			);
			runOnlyForDeploymentPostprocessing = 0;
		};
/* End PBXFrameworksBuildPhase section */

/* Begin PBXGroup section */
		A54A540F1D60B517000E484C = {
			isa = PBXGroup;
			children = (
				A54A541A1D60B517000E484C /* PokeLab */,
				A54A54191D60B517000E484C /* Products */,
			);
			sourceTree = "<group>";
		};
		A54A54191D60B517000E484C /* Products */ = {
			isa = PBXGroup;
			children = (
				A54A54181D60B517000E484C /* PokeLab.app */,
			);
			name = Products;
			sourceTree = "<group>";
		};
		A54A541A1D60B517000E484C /* PokeLab */ = {
			isa = PBXGroup;
			children = (
				A54A542D1D60BC7C000E484C /* Extensions */,
				A54A542E1D60BC7C000E484C /* View Controllers */,
				A54A541B1D60B517000E484C /* AppDelegate.swift */,
				A54A541F1D60B517000E484C /* Main.storyboard */,
				A54A54221D60B517000E484C /* Assets.xcassets */,
				A54A54241D60B517000E484C /* LaunchScreen.storyboard */,
				A54A54271D60B517000E484C /* Info.plist */,
			);
			path = PokeLab;
			sourceTree = "<group>";
		};
		A54A542D1D60BC7C000E484C /* Extensions */ = {
			isa = PBXGroup;
			children = (
				A54A54311D60BC8E000E484C /* UIButton+Extension.swift */,
			);
			path = Extensions;
			sourceTree = "<group>";
		};
		A54A542E1D60BC7C000E484C /* View Controllers */ = {
			isa = PBXGroup;
			children = (
				A54A542F1D60BC7C000E484C /* HomeViewController.swift */,
				A54A54331D60C9D4000E484C /* CatchViewController.swift */,
			);
			path = "View Controllers";
			sourceTree = "<group>";
		};
/* End PBXGroup section */

/* Begin PBXNativeTarget section */
		A54A54171D60B517000E484C /* PokeLab */ = {
			isa = PBXNativeTarget;
			buildConfigurationList = A54A542A1D60B517000E484C /* Build configuration list for PBXNativeTarget "PokeLab" */;
			buildPhases = (
				A54A54141D60B517000E484C /* Sources */,
				A54A54151D60B517000E484C /* Frameworks */,
				A54A54161D60B517000E484C /* Resources */,
			);
			buildRules = (
			);
			dependencies = (
			);
			name = PokeLab;
			productName = PokeLab;
			productReference = A54A54181D60B517000E484C /* PokeLab.app */;
			productType = "com.apple.product-type.application";
		};
/* End PBXNativeTarget section */

/* Begin PBXProject section */
		A54A54101D60B517000E484C /* Project object */ = {
			isa = PBXProject;
			attributes = {
				LastSwiftUpdateCheck = 0730;
				LastUpgradeCheck = 0730;
				ORGANIZATIONNAME = "Chau Vo";
				TargetAttributes = {
					A54A54171D60B517000E484C = {
						CreatedOnToolsVersion = 7.3.1;
						DevelopmentTeam = D3E7UH3PXS;
					};
				};
			};
			buildConfigurationList = A54A54131D60B517000E484C /* Build configuration list for PBXProject "PokeLab" */;
			compatibilityVersion = "Xcode 3.2";
			developmentRegion = English;
			hasScannedForEncodings = 0;
			knownRegions = (
				en,
				Base,
			);
			mainGroup = A54A540F1D60B517000E484C;
			productRefGroup = A54A54191D60B517000E484C /* Products */;
			projectDirPath = "";
			projectRoot = "";
			targets = (
				A54A54171D60B517000E484C /* PokeLab */,
			);
		};
/* End PBXProject section */

/* Begin PBXResourcesBuildPhase section */
		A54A54161D60B517000E484C /* Resources */ = {
			isa = PBXResourcesBuildPhase;
			buildActionMask = 2147483647;
			files = (
				A54A54261D60B517000E484C /* LaunchScreen.storyboard in Resources */,
				A54A54231D60B517000E484C /* Assets.xcassets in Resources */,
				A54A54211D60B517000E484C /* Main.storyboard in Resources */,
			);
			runOnlyForDeploymentPostprocessing = 0;
		};
/* End PBXResourcesBuildPhase section */

/* Begin PBXSourcesBuildPhase section */
		A54A54141D60B517000E484C /* Sources */ = {
			isa = PBXSourcesBuildPhase;
			buildActionMask = 2147483647;
			files = (
				A54A54301D60BC7C000E484C /* HomeViewController.swift in Sources */,
				A54A541C1D60B517000E484C /* AppDelegate.swift in Sources */,
				A54A54341D60C9D4000E484C /* CatchViewController.swift in Sources */,
				A54A54321D60BC8E000E484C /* UIButton+Extension.swift in Sources */,
			);
			runOnlyForDeploymentPostprocessing = 0;
		};
/* End PBXSourcesBuildPhase section */

/* Begin PBXVariantGroup section */
		A54A541F1D60B517000E484C /* Main.storyboard */ = {
			isa = PBXVariantGroup;
			children = (
				A54A54201D60B517000E484C /* Base */,
			);
			name = Main.storyboard;
			sourceTree = "<group>";
		};
		A54A54241D60B517000E484C /* LaunchScreen.storyboard */ = {
			isa = PBXVariantGroup;
			children = (
				A54A54251D60B517000E484C /* Base */,
			);
			name = LaunchScreen.storyboard;
			sourceTree = "<group>";
		};
/* End PBXVariantGroup section */

/* Begin XCBuildConfiguration section */
		A54A54281D60B517000E484C /* Debug */ = {
			isa = XCBuildConfiguration;
			buildSettings = {
				ALWAYS_SEARCH_USER_PATHS = NO;
				CLANG_ANALYZER_NONNULL = YES;
				CLANG_CXX_LANGUAGE_STANDARD = "gnu++0x";
				CLANG_CXX_LIBRARY = "libc++";
				CLANG_ENABLE_MODULES = YES;
				CLANG_ENABLE_OBJC_ARC = YES;
				CLANG_WARN_BOOL_CONVERSION = YES;
				CLANG_WARN_CONSTANT_CONVERSION = YES;
				CLANG_WARN_DIRECT_OBJC_ISA_USAGE = YES_ERROR;
				CLANG_WARN_EMPTY_BODY = YES;
				CLANG_WARN_ENUM_CONVERSION = YES;
				CLANG_WARN_INT_CONVERSION = YES;
				CLANG_WARN_OBJC_ROOT_CLASS = YES_ERROR;
				CLANG_WARN_UNREACHABLE_CODE = YES;
				CLANG_WARN__DUPLICATE_METHOD_MATCH = YES;
				"CODE_SIGN_IDENTITY[sdk=iphoneos*]" = "iPhone Developer";
				COPY_PHASE_STRIP = NO;
				DEBUG_INFORMATION_FORMAT = dwarf;
				ENABLE_STRICT_OBJC_MSGSEND = YES;
				ENABLE_TESTABILITY = YES;
				GCC_C_LANGUAGE_STANDARD = gnu99;
				GCC_DYNAMIC_NO_PIC = NO;
				GCC_NO_COMMON_BLOCKS = YES;
				GCC_OPTIMIZATION_LEVEL = 0;
				GCC_PREPROCESSOR_DEFINITIONS = (
					"DEBUG=1",
					"$(inherited)",
				);
				GCC_WARN_64_TO_32_BIT_CONVERSION = YES;
				GCC_WARN_ABOUT_RETURN_TYPE = YES_ERROR;
				GCC_WARN_UNDECLARED_SELECTOR = YES;
				GCC_WARN_UNINITIALIZED_AUTOS = YES_AGGRESSIVE;
				GCC_WARN_UNUSED_FUNCTION = YES;
				GCC_WARN_UNUSED_VARIABLE = YES;
				IPHONEOS_DEPLOYMENT_TARGET = 9.3;
				MTL_ENABLE_DEBUG_INFO = YES;
				ONLY_ACTIVE_ARCH = YES;
				SDKROOT = iphoneos;
				SWIFT_OPTIMIZATION_LEVEL = "-Onone";
				TARGETED_DEVICE_FAMILY = "1,2";
			};
			name = Debug;
		};
		A54A54291D60B517000E484C /* Release */ = {
			isa = XCBuildConfiguration;
			buildSettings = {
				ALWAYS_SEARCH_USER_PATHS = NO;
				CLANG_ANALYZER_NONNULL = YES;
				CLANG_CXX_LANGUAGE_STANDARD = "gnu++0x";
				CLANG_CXX_LIBRARY = "libc++";
				CLANG_ENABLE_MODULES = YES;
				CLANG_ENABLE_OBJC_ARC = YES;
				CLANG_WARN_BOOL_CONVERSION = YES;
				CLANG_WARN_CONSTANT_CONVERSION = YES;
				CLANG_WARN_DIRECT_OBJC_ISA_USAGE = YES_ERROR;
				CLANG_WARN_EMPTY_BODY = YES;
				CLANG_WARN_ENUM_CONVERSION = YES;
				CLANG_WARN_INT_CONVERSION = YES;
				CLANG_WARN_OBJC_ROOT_CLASS = YES_ERROR;
				CLANG_WARN_UNREACHABLE_CODE = YES;
				CLANG_WARN__DUPLICATE_METHOD_MATCH = YES;
				"CODE_SIGN_IDENTITY[sdk=iphoneos*]" = "iPhone Developer";
				COPY_PHASE_STRIP = NO;
				DEBUG_INFORMATION_FORMAT = "dwarf-with-dsym";
				ENABLE_NS_ASSERTIONS = NO;
				ENABLE_STRICT_OBJC_MSGSEND = YES;
				GCC_C_LANGUAGE_STANDARD = gnu99;
				GCC_NO_COMMON_BLOCKS = YES;
				GCC_WARN_64_TO_32_BIT_CONVERSION = YES;
				GCC_WARN_ABOUT_RETURN_TYPE = YES_ERROR;
				GCC_WARN_UNDECLARED_SELECTOR = YES;
				GCC_WARN_UNINITIALIZED_AUTOS = YES_AGGRESSIVE;
				GCC_WARN_UNUSED_FUNCTION = YES;
				GCC_WARN_UNUSED_VARIABLE = YES;
				IPHONEOS_DEPLOYMENT_TARGET = 9.3;
				MTL_ENABLE_DEBUG_INFO = NO;
				SDKROOT = iphoneos;
				TARGETED_DEVICE_FAMILY = "1,2";
				VALIDATE_PRODUCT = YES;
			};
			name = Release;
		};
		A54A542B1D60B517000E484C /* Debug */ = {
			isa = XCBuildConfiguration;
			buildSettings = {
				ASSETCATALOG_COMPILER_APPICON_NAME = AppIcon;
				INFOPLIST_FILE = PokeLab/Info.plist;
				LD_RUNPATH_SEARCH_PATHS = "$(inherited) @executable_path/Frameworks";
				PRODUCT_BUNDLE_IDENTIFIER = cheetah.PokeLab;
				PRODUCT_NAME = "$(TARGET_NAME)";
			};
			name = Debug;
		};
		A54A542C1D60B517000E484C /* Release */ = {
			isa = XCBuildConfiguration;
			buildSettings = {
				ASSETCATALOG_COMPILER_APPICON_NAME = AppIcon;
				INFOPLIST_FILE = PokeLab/Info.plist;
				LD_RUNPATH_SEARCH_PATHS = "$(inherited) @executable_path/Frameworks";
				PRODUCT_BUNDLE_IDENTIFIER = cheetah.PokeLab;
				PRODUCT_NAME = "$(TARGET_NAME)";
			};
			name = Release;
		};
/* End XCBuildConfiguration section */

/* Begin XCConfigurationList section */
		A54A54131D60B517000E484C /* Build configuration list for PBXProject "PokeLab" */ = {
			isa = XCConfigurationList;
			buildConfigurations = (
				A54A54281D60B517000E484C /* Debug */,
				A54A54291D60B517000E484C /* Release */,
			);
			defaultConfigurationIsVisible = 0;
			defaultConfigurationName = Release;
		};
		A54A542A1D60B517000E484C /* Build configuration list for PBXNativeTarget "PokeLab" */ = {
			isa = XCConfigurationList;
			buildConfigurations = (
				A54A542B1D60B517000E484C /* Debug */,
				A54A542C1D60B517000E484C /* Release */,
			);
			defaultConfigurationIsVisible = 0;
		};
/* End XCConfigurationList section */
	};
	rootObject = A54A54101D60B517000E484C /* Project object */;
}
